
Microsoft Visual Studio Solution File, Format Version 12.00
# Visual Studio Version 16
VisualStudioVersion = 16.0.29609.76
MinimumVisualStudioVersion = 10.0.40219.1
Project("{9A19103F-16F7-4668-BE54-9A1E7A4F7556}") = "detect-overlapping-date-ranges", "detect-overlapping-date-ranges.csproj", "{AD2078A0-E9A5-4772-9552-E0EE83BF032C}"
EndProject
Global
	GlobalSection(SolutionConfigurationPlatforms) = preSolution
		Debug|Any CPU = Debug|Any CPU
		Release|Any CPU = Release|Any CPU
	EndGlobalSection
	GlobalSection(ProjectConfigurationPlatforms) = postSolution
		{AD2078A0-E9A5-4772-9552-E0EE83BF032C}.Debug|Any CPU.ActiveCfg = Debug|Any CPU
		{AD2078A0-E9A5-4772-9552-E0EE83BF032C}.Debug|Any CPU.Build.0 = Debug|Any CPU
		{AD2078A0-E9A5-4772-9552-E0EE83BF032C}.Release|Any CPU.ActiveCfg = Release|Any CPU
		{AD2078A0-E9A5-4772-9552-E0EE83BF032C}.Release|Any CPU.Build.0 = Release|Any CPU
	EndGlobalSection
	GlobalSection(SolutionProperties) = preSolution
		HideSolutionNode = FALSE
	EndGlobalSection
	GlobalSection(ExtensibilityGlobals) = postSolution
		SolutionGuid = {AB48CAA6-502E-4225-A0CC-952CE46905F1}
	EndGlobalSection
EndGlobal
